
Microsoft Visual Studio Solution File, Format Version 12.00
# Visual Studio Version 16
VisualStudioVersion = 16.0.32228.343
MinimumVisualStudioVersion = 10.0.40219.1
Project("{FAE04EC0-301F-11D3-BF4B-00C04F79EFBC}") = "CustomProject", "CustomProject\CustomProject.csproj", "{8FF8D1D9-F1EB-44B2-9013-50005CB3C930}"
EndProject
Global
	GlobalSection(SolutionConfigurationPlatforms) = preSolution
		Debug|Any CPU = Debug|Any CPU
		Release|Any CPU = Release|Any CPU
	EndGlobalSection
	GlobalSection(ProjectConfigurationPlatforms) = postSolution
		{8FF8D1D9-F1EB-44B2-9013-50005CB3C930}.Debug|Any CPU.ActiveCfg = Debug|Any CPU
		{8FF8D1D9-F1EB-44B2-9013-50005CB3C930}.Debug|Any CPU.Build.0 = Debug|Any CPU
		{8FF8D1D9-F1EB-44B2-9013-50005CB3C930}.Release|Any CPU.ActiveCfg = Release|Any CPU
		{8FF8D1D9-F1EB-44B2-9013-50005CB3C930}.Release|Any CPU.Build.0 = Release|Any CPU
	EndGlobalSection
	GlobalSection(SolutionProperties) = preSolution
		HideSolutionNode = FALSE
	EndGlobalSection
	GlobalSection(ExtensibilityGlobals) = postSolution
		SolutionGuid = {19806989-5D94-41FA-97AD-A25FB18B85DE}
	EndGlobalSection
EndGlobal
